// !$*UTF8*$!
{
	archiveVersion = 1;
	classes = {
	};
	objectVersion = 55;
	objects = {

/* Begin PBXBuildFile section */
		B94EEDFB289D45F00047D590 /* AppDelegate.swift in Sources */ = {isa = PBXBuildFile; fileRef = B94EEDFA289D45F00047D590 /* AppDelegate.swift */; };
		B94EEE02289D45F00047D590 /* Main.storyboard in Resources */ = {isa = PBXBuildFile; fileRef = B94EEE00289D45F00047D590 /* Main.storyboard */; };
		B94EEE04289D45F10047D590 /* Assets.xcassets in Resources */ = {isa = PBXBuildFile; fileRef = B94EEE03289D45F10047D590 /* Assets.xcassets */; };
		B94EEE07289D45F10047D590 /* LaunchScreen.storyboard in Resources */ = {isa = PBXBuildFile; fileRef = B94EEE05289D45F10047D590 /* LaunchScreen.storyboard */; };
		B94EEE1C289D48080047D590 /* AdaptiveLayoutHelper.swift in Sources */ = {isa = PBXBuildFile; fileRef = B94EEE1B289D48080047D590 /* AdaptiveLayoutHelper.swift */; };
		B94EEE1E289D48230047D590 /* CGFloat.swift in Sources */ = {isa = PBXBuildFile; fileRef = B94EEE1D289D48230047D590 /* CGFloat.swift */; };
		B94EEE20289D48370047D590 /* Int.swift in Sources */ = {isa = PBXBuildFile; fileRef = B94EEE1F289D48370047D590 /* Int.swift */; };
		B94EEE22289D48490047D590 /* Array.swift in Sources */ = {isa = PBXBuildFile; fileRef = B94EEE21289D48490047D590 /* Array.swift */; };
		B94EEE24289D48610047D590 /* Device.swift in Sources */ = {isa = PBXBuildFile; fileRef = B94EEE23289D48610047D590 /* Device.swift */; };
		B94EEE26289D48770047D590 /* Dimension.swift in Sources */ = {isa = PBXBuildFile; fileRef = B94EEE25289D48770047D590 /* Dimension.swift */; };
		B94EEE28289D48B70047D590 /* UIView.swift in Sources */ = {isa = PBXBuildFile; fileRef = B94EEE27289D48B70047D590 /* UIView.swift */; };
		B94EEE2A289D48D40047D590 /* UILabel.swift in Sources */ = {isa = PBXBuildFile; fileRef = B94EEE29289D48D40047D590 /* UILabel.swift */; };
		B94EEE39289D4D1C0047D590 /* MyDogViewController.swift in Sources */ = {isa = PBXBuildFile; fileRef = B94EEE38289D4D1C0047D590 /* MyDogViewController.swift */; };
		B94EEE3B289D4D360047D590 /* HealthViewController.swift in Sources */ = {isa = PBXBuildFile; fileRef = B94EEE3A289D4D360047D590 /* HealthViewController.swift */; };
		B94EEE3E289D4D610047D590 /* SettingsViewController.swift in Sources */ = {isa = PBXBuildFile; fileRef = B94EEE3D289D4D610047D590 /* SettingsViewController.swift */; };
		B94EEE41289D64140047D590 /* MyDogFlowCoordinator.swift in Sources */ = {isa = PBXBuildFile; fileRef = B94EEE40289D64140047D590 /* MyDogFlowCoordinator.swift */; };
		B94EEE4328A293F50047D590 /* MyDogView.swift in Sources */ = {isa = PBXBuildFile; fileRef = B94EEE4228A293F50047D590 /* MyDogView.swift */; };
		B94EEE4528A294030047D590 /* MyDogViewModel.swift in Sources */ = {isa = PBXBuildFile; fileRef = B94EEE4428A294030047D590 /* MyDogViewModel.swift */; };
		B94EEE4828A2D4420047D590 /* AddNewDogViewController.swift in Sources */ = {isa = PBXBuildFile; fileRef = B94EEE4728A2D4420047D590 /* AddNewDogViewController.swift */; };
		B94EEE4A28A3B15C0047D590 /* AddNewDogView.swift in Sources */ = {isa = PBXBuildFile; fileRef = B94EEE4928A3B15C0047D590 /* AddNewDogView.swift */; };
		B94EEE4C28A3B16C0047D590 /* AddNewDogViewModel.swift in Sources */ = {isa = PBXBuildFile; fileRef = B94EEE4B28A3B16C0047D590 /* AddNewDogViewModel.swift */; };
		B94EEE4E28A3C2290047D590 /* BaseCollectionViewCell.swift in Sources */ = {isa = PBXBuildFile; fileRef = B94EEE4D28A3C2290047D590 /* BaseCollectionViewCell.swift */; };
		B94EEE5128A3C3E60047D590 /* NicknameDogCollectionViewCell.swift in Sources */ = {isa = PBXBuildFile; fileRef = B94EEE5028A3C3E60047D590 /* NicknameDogCollectionViewCell.swift */; };
		B94EEE5328A3DF020047D590 /* GenderDogCollectionViewCell.swift in Sources */ = {isa = PBXBuildFile; fileRef = B94EEE5228A3DF020047D590 /* GenderDogCollectionViewCell.swift */; };
		B94EEE5528A3EF970047D590 /* DogAgeCollectionViewCell.swift in Sources */ = {isa = PBXBuildFile; fileRef = B94EEE5428A3EF970047D590 /* DogAgeCollectionViewCell.swift */; };
		B94EEE5728A3F1FE0047D590 /* BreedsDogCollectionViewCell.swift in Sources */ = {isa = PBXBuildFile; fileRef = B94EEE5628A3F1FE0047D590 /* BreedsDogCollectionViewCell.swift */; };
		B94EEE5A28A433480047D590 /* MyDogsCollectionViewCell.swift in Sources */ = {isa = PBXBuildFile; fileRef = B94EEE5928A433480047D590 /* MyDogsCollectionViewCell.swift */; };
		B94EEE5C28A67B920047D590 /* BaseTableViewCell.swift in Sources */ = {isa = PBXBuildFile; fileRef = B94EEE5B28A67B920047D590 /* BaseTableViewCell.swift */; };
		B94EEE5E28A67BCD0047D590 /* BreedsDogTableViewCell.swift in Sources */ = {isa = PBXBuildFile; fileRef = B94EEE5D28A67BCD0047D590 /* BreedsDogTableViewCell.swift */; };
		B94EEE6028A6BC770047D590 /* Dogs.swift in Sources */ = {isa = PBXBuildFile; fileRef = B94EEE5F28A6BC770047D590 /* Dogs.swift */; };
		B94EEE6328A900FD0047D590 /* ListOfDogsViewController.swift in Sources */ = {isa = PBXBuildFile; fileRef = B94EEE6228A900FD0047D590 /* ListOfDogsViewController.swift */; };
		B94EEE6528A901090047D590 /* ListOfDogsView.swift in Sources */ = {isa = PBXBuildFile; fileRef = B94EEE6428A901090047D590 /* ListOfDogsView.swift */; };
		B94EEE6728A901150047D590 /* ListOfDogsViewModel.swift in Sources */ = {isa = PBXBuildFile; fileRef = B94EEE6628A901150047D590 /* ListOfDogsViewModel.swift */; };
		B94EEE6A28A9049E0047D590 /* ListOfDogsTableViewCell.swift in Sources */ = {isa = PBXBuildFile; fileRef = B94EEE6928A9049E0047D590 /* ListOfDogsTableViewCell.swift */; };
		B94EEE6C28A907480047D590 /* ListOfDogs.swift in Sources */ = {isa = PBXBuildFile; fileRef = B94EEE6B28A907480047D590 /* ListOfDogs.swift */; };
		B94EEE6E28AA74980047D590 /* HealthView.swift in Sources */ = {isa = PBXBuildFile; fileRef = B94EEE6D28AA74980047D590 /* HealthView.swift */; };
		B94EEE7028AA74A30047D590 /* HealthViewModel.swift in Sources */ = {isa = PBXBuildFile; fileRef = B94EEE6F28AA74A30047D590 /* HealthViewModel.swift */; };
		B94EEE7328AA78310047D590 /* HealthCollectionViewCell.swift in Sources */ = {isa = PBXBuildFile; fileRef = B94EEE7228AA78310047D590 /* HealthCollectionViewCell.swift */; };
		B94EEE7528AA7ADE0047D590 /* CareArray.swift in Sources */ = {isa = PBXBuildFile; fileRef = B94EEE7428AA7ADE0047D590 /* CareArray.swift */; };
		B94EEE7828AE44470047D590 /* ReminderViewController.swift in Sources */ = {isa = PBXBuildFile; fileRef = B94EEE7728AE44470047D590 /* ReminderViewController.swift */; };
		B94EEE7A28AE44520047D590 /* ReminderView.swift in Sources */ = {isa = PBXBuildFile; fileRef = B94EEE7928AE44520047D590 /* ReminderView.swift */; };
		B94EEE7C28AE44600047D590 /* ReminderViewModel.swift in Sources */ = {isa = PBXBuildFile; fileRef = B94EEE7B28AE44600047D590 /* ReminderViewModel.swift */; };
		B9BB12DE28DF36B500F044D3 /* EditNicknameTableViewCell.swift in Sources */ = {isa = PBXBuildFile; fileRef = B9BB12DD28DF36B500F044D3 /* EditNicknameTableViewCell.swift */; };
		B9BB12E028DF36D500F044D3 /* EditGenderTableViewCell.swift in Sources */ = {isa = PBXBuildFile; fileRef = B9BB12DF28DF36D500F044D3 /* EditGenderTableViewCell.swift */; };
		B9BB12E228DF36EA00F044D3 /* EditAgeTableViewCell.swift in Sources */ = {isa = PBXBuildFile; fileRef = B9BB12E128DF36EA00F044D3 /* EditAgeTableViewCell.swift */; };
		B9BB12E428DF38C900F044D3 /* EditBreedsTableViewCell.swift in Sources */ = {isa = PBXBuildFile; fileRef = B9BB12E328DF38C900F044D3 /* EditBreedsTableViewCell.swift */; };
		B9BB12EE28DF7C3D00F044D3 /* SFProText-Regular.otf in Resources */ = {isa = PBXBuildFile; fileRef = B9BB12EB28DF7C3D00F044D3 /* SFProText-Regular.otf */; };
		B9BB12EF28DF7C3D00F044D3 /* SFProText-Semibold.otf in Resources */ = {isa = PBXBuildFile; fileRef = B9BB12EC28DF7C3D00F044D3 /* SFProText-Semibold.otf */; };
		B9BB12F028DF7C3D00F044D3 /* SF-Pro.ttf in Resources */ = {isa = PBXBuildFile; fileRef = B9BB12ED28DF7C3D00F044D3 /* SF-Pro.ttf */; };
		B9BB12F928E33ED800F044D3 /* NickName.swift in Sources */ = {isa = PBXBuildFile; fileRef = B9BB12F828E33ED800F044D3 /* NickName.swift */; };
		B9BB12FD28EDB74A00F044D3 /* HealthTableViewCell.swift in Sources */ = {isa = PBXBuildFile; fileRef = B9BB12FC28EDB74A00F044D3 /* HealthTableViewCell.swift */; };
		B9DB044C28BA443900A78C84 /* EditProfileDogViewController.swift in Sources */ = {isa = PBXBuildFile; fileRef = B9DB044B28BA443900A78C84 /* EditProfileDogViewController.swift */; };
		B9DB044E28BA444900A78C84 /* EditProfileDogView.swift in Sources */ = {isa = PBXBuildFile; fileRef = B9DB044D28BA444900A78C84 /* EditProfileDogView.swift */; };
		B9DB045028BA445600A78C84 /* EditProfileDogViewModel.swift in Sources */ = {isa = PBXBuildFile; fileRef = B9DB044F28BA445600A78C84 /* EditProfileDogViewModel.swift */; };
		B9DB045428C76FE400A78C84 /* NewDog.swift in Sources */ = {isa = PBXBuildFile; fileRef = B9DB045328C76FE400A78C84 /* NewDog.swift */; };
		B9DB045728C77D4400A78C84 /* NewDogServices.swift in Sources */ = {isa = PBXBuildFile; fileRef = B9DB045628C77D4400A78C84 /* NewDogServices.swift */; };
		B9DB045928CA64C100A78C84 /* SettingsView.swift in Sources */ = {isa = PBXBuildFile; fileRef = B9DB045828CA64C100A78C84 /* SettingsView.swift */; };
		B9DB045B28CA64D000A78C84 /* SettingsViewModel.swift in Sources */ = {isa = PBXBuildFile; fileRef = B9DB045A28CA64D000A78C84 /* SettingsViewModel.swift */; };
		B9DB045E28CDF25200A78C84 /* LanguageTableViewCell.swift in Sources */ = {isa = PBXBuildFile; fileRef = B9DB045D28CDF25200A78C84 /* LanguageTableViewCell.swift */; };
		B9DB046028CDF4C900A78C84 /* Language.swift in Sources */ = {isa = PBXBuildFile; fileRef = B9DB045F28CDF4C900A78C84 /* Language.swift */; };
		B9DB046228CDFE2C00A78C84 /* RateUsAndPrivacyPolicyTableViewCell.swift in Sources */ = {isa = PBXBuildFile; fileRef = B9DB046128CDFE2C00A78C84 /* RateUsAndPrivacyPolicyTableViewCell.swift */; };
		B9DB046428CDFEC800A78C84 /* RateUsAndPrivacyPolicy.swift in Sources */ = {isa = PBXBuildFile; fileRef = B9DB046328CDFEC800A78C84 /* RateUsAndPrivacyPolicy.swift */; };
		B9DB046728D886BD00A78C84 /* RepeatViewController.swift in Sources */ = {isa = PBXBuildFile; fileRef = B9DB046628D886BD00A78C84 /* RepeatViewController.swift */; };
		B9DB046928D886CC00A78C84 /* RepeatView.swift in Sources */ = {isa = PBXBuildFile; fileRef = B9DB046828D886CC00A78C84 /* RepeatView.swift */; };
		B9DB046B28D886D800A78C84 /* RepeatViewModel.swift in Sources */ = {isa = PBXBuildFile; fileRef = B9DB046A28D886D800A78C84 /* RepeatViewModel.swift */; };
		B9DB046E28D8887700A78C84 /* RepeatTableViewCell.swift in Sources */ = {isa = PBXBuildFile; fileRef = B9DB046D28D8887700A78C84 /* RepeatTableViewCell.swift */; };
		B9DB047028D888D800A78C84 /* Repeat.swift in Sources */ = {isa = PBXBuildFile; fileRef = B9DB046F28D888D800A78C84 /* Repeat.swift */; };
		D41669B05C4B6AB7768A76EC /* Pods_HealthyPetMVVM.framework in Frameworks */ = {isa = PBXBuildFile; fileRef = 56338AD4F4ACFF010763B746 /* Pods_HealthyPetMVVM.framework */; };
/* End PBXBuildFile section */

/* Begin PBXFileReference section */
		56338AD4F4ACFF010763B746 /* Pods_HealthyPetMVVM.framework */ = {isa = PBXFileReference; explicitFileType = wrapper.framework; includeInIndex = 0; path = Pods_HealthyPetMVVM.framework; sourceTree = BUILT_PRODUCTS_DIR; };
		5EBBFECD3D3FE99782EE1830 /* Pods-HealthyPetMVVM.release.xcconfig */ = {isa = PBXFileReference; includeInIndex = 1; lastKnownFileType = text.xcconfig; name = "Pods-HealthyPetMVVM.release.xcconfig"; path = "Target Support Files/Pods-HealthyPetMVVM/Pods-HealthyPetMVVM.release.xcconfig"; sourceTree = "<group>"; };
		7CDEC0DB8D03292B3B008099 /* Pods-HealthyPetMVVM.debug.xcconfig */ = {isa = PBXFileReference; includeInIndex = 1; lastKnownFileType = text.xcconfig; name = "Pods-HealthyPetMVVM.debug.xcconfig"; path = "Target Support Files/Pods-HealthyPetMVVM/Pods-HealthyPetMVVM.debug.xcconfig"; sourceTree = "<group>"; };
		B94EEDF7289D45F00047D590 /* HealthyPetMVVM.app */ = {isa = PBXFileReference; explicitFileType = wrapper.application; includeInIndex = 0; path = HealthyPetMVVM.app; sourceTree = BUILT_PRODUCTS_DIR; };
		B94EEDFA289D45F00047D590 /* AppDelegate.swift */ = {isa = PBXFileReference; lastKnownFileType = sourcecode.swift; path = AppDelegate.swift; sourceTree = "<group>"; };
		B94EEE01289D45F00047D590 /* Base */ = {isa = PBXFileReference; lastKnownFileType = file.storyboard; name = Base; path = Base.lproj/Main.storyboard; sourceTree = "<group>"; };
		B94EEE03289D45F10047D590 /* Assets.xcassets */ = {isa = PBXFileReference; lastKnownFileType = folder.assetcatalog; path = Assets.xcassets; sourceTree = "<group>"; };
		B94EEE06289D45F10047D590 /* Base */ = {isa = PBXFileReference; lastKnownFileType = file.storyboard; name = Base; path = Base.lproj/LaunchScreen.storyboard; sourceTree = "<group>"; };
		B94EEE08289D45F10047D590 /* Info.plist */ = {isa = PBXFileReference; lastKnownFileType = text.plist.xml; path = Info.plist; sourceTree = "<group>"; };
		B94EEE1B289D48080047D590 /* AdaptiveLayoutHelper.swift */ = {isa = PBXFileReference; lastKnownFileType = sourcecode.swift; path = AdaptiveLayoutHelper.swift; sourceTree = "<group>"; };
		B94EEE1D289D48230047D590 /* CGFloat.swift */ = {isa = PBXFileReference; lastKnownFileType = sourcecode.swift; path = CGFloat.swift; sourceTree = "<group>"; };
		B94EEE1F289D48370047D590 /* Int.swift */ = {isa = PBXFileReference; lastKnownFileType = sourcecode.swift; path = Int.swift; sourceTree = "<group>"; };
		B94EEE21289D48490047D590 /* Array.swift */ = {isa = PBXFileReference; lastKnownFileType = sourcecode.swift; path = Array.swift; sourceTree = "<group>"; };
		B94EEE23289D48610047D590 /* Device.swift */ = {isa = PBXFileReference; lastKnownFileType = sourcecode.swift; path = Device.swift; sourceTree = "<group>"; };
		B94EEE25289D48770047D590 /* Dimension.swift */ = {isa = PBXFileReference; lastKnownFileType = sourcecode.swift; path = Dimension.swift; sourceTree = "<group>"; };
		B94EEE27289D48B70047D590 /* UIView.swift */ = {isa = PBXFileReference; lastKnownFileType = sourcecode.swift; path = UIView.swift; sourceTree = "<group>"; };
		B94EEE29289D48D40047D590 /* UILabel.swift */ = {isa = PBXFileReference; lastKnownFileType = sourcecode.swift; path = UILabel.swift; sourceTree = "<group>"; };
		B94EEE38289D4D1C0047D590 /* MyDogViewController.swift */ = {isa = PBXFileReference; lastKnownFileType = sourcecode.swift; path = MyDogViewController.swift; sourceTree = "<group>"; };
		B94EEE3A289D4D360047D590 /* HealthViewController.swift */ = {isa = PBXFileReference; lastKnownFileType = sourcecode.swift; path = HealthViewController.swift; sourceTree = "<group>"; };
		B94EEE3D289D4D610047D590 /* SettingsViewController.swift */ = {isa = PBXFileReference; lastKnownFileType = sourcecode.swift; path = SettingsViewController.swift; sourceTree = "<group>"; };
		B94EEE40289D64140047D590 /* MyDogFlowCoordinator.swift */ = {isa = PBXFileReference; lastKnownFileType = sourcecode.swift; path = MyDogFlowCoordinator.swift; sourceTree = "<group>"; };
		B94EEE4228A293F50047D590 /* MyDogView.swift */ = {isa = PBXFileReference; lastKnownFileType = sourcecode.swift; path = MyDogView.swift; sourceTree = "<group>"; };
		B94EEE4428A294030047D590 /* MyDogViewModel.swift */ = {isa = PBXFileReference; lastKnownFileType = sourcecode.swift; path = MyDogViewModel.swift; sourceTree = "<group>"; };
		B94EEE4728A2D4420047D590 /* AddNewDogViewController.swift */ = {isa = PBXFileReference; lastKnownFileType = sourcecode.swift; path = AddNewDogViewController.swift; sourceTree = "<group>"; };
		B94EEE4928A3B15C0047D590 /* AddNewDogView.swift */ = {isa = PBXFileReference; lastKnownFileType = sourcecode.swift; path = AddNewDogView.swift; sourceTree = "<group>"; };
		B94EEE4B28A3B16C0047D590 /* AddNewDogViewModel.swift */ = {isa = PBXFileReference; lastKnownFileType = sourcecode.swift; path = AddNewDogViewModel.swift; sourceTree = "<group>"; };
		B94EEE4D28A3C2290047D590 /* BaseCollectionViewCell.swift */ = {isa = PBXFileReference; lastKnownFileType = sourcecode.swift; path = BaseCollectionViewCell.swift; sourceTree = "<group>"; };
		B94EEE5028A3C3E60047D590 /* NicknameDogCollectionViewCell.swift */ = {isa = PBXFileReference; lastKnownFileType = sourcecode.swift; path = NicknameDogCollectionViewCell.swift; sourceTree = "<group>"; };
		B94EEE5228A3DF020047D590 /* GenderDogCollectionViewCell.swift */ = {isa = PBXFileReference; lastKnownFileType = sourcecode.swift; path = GenderDogCollectionViewCell.swift; sourceTree = "<group>"; };
		B94EEE5428A3EF970047D590 /* DogAgeCollectionViewCell.swift */ = {isa = PBXFileReference; lastKnownFileType = sourcecode.swift; path = DogAgeCollectionViewCell.swift; sourceTree = "<group>"; };
		B94EEE5628A3F1FE0047D590 /* BreedsDogCollectionViewCell.swift */ = {isa = PBXFileReference; lastKnownFileType = sourcecode.swift; path = BreedsDogCollectionViewCell.swift; sourceTree = "<group>"; };
		B94EEE5928A433480047D590 /* MyDogsCollectionViewCell.swift */ = {isa = PBXFileReference; lastKnownFileType = sourcecode.swift; path = MyDogsCollectionViewCell.swift; sourceTree = "<group>"; };
		B94EEE5B28A67B920047D590 /* BaseTableViewCell.swift */ = {isa = PBXFileReference; lastKnownFileType = sourcecode.swift; path = BaseTableViewCell.swift; sourceTree = "<group>"; };
		B94EEE5D28A67BCD0047D590 /* BreedsDogTableViewCell.swift */ = {isa = PBXFileReference; lastKnownFileType = sourcecode.swift; path = BreedsDogTableViewCell.swift; sourceTree = "<group>"; };
		B94EEE5F28A6BC770047D590 /* Dogs.swift */ = {isa = PBXFileReference; lastKnownFileType = sourcecode.swift; path = Dogs.swift; sourceTree = "<group>"; };
		B94EEE6228A900FD0047D590 /* ListOfDogsViewController.swift */ = {isa = PBXFileReference; lastKnownFileType = sourcecode.swift; path = ListOfDogsViewController.swift; sourceTree = "<group>"; };
		B94EEE6428A901090047D590 /* ListOfDogsView.swift */ = {isa = PBXFileReference; lastKnownFileType = sourcecode.swift; path = ListOfDogsView.swift; sourceTree = "<group>"; };
		B94EEE6628A901150047D590 /* ListOfDogsViewModel.swift */ = {isa = PBXFileReference; lastKnownFileType = sourcecode.swift; path = ListOfDogsViewModel.swift; sourceTree = "<group>"; };
		B94EEE6928A9049E0047D590 /* ListOfDogsTableViewCell.swift */ = {isa = PBXFileReference; lastKnownFileType = sourcecode.swift; path = ListOfDogsTableViewCell.swift; sourceTree = "<group>"; };
		B94EEE6B28A907480047D590 /* ListOfDogs.swift */ = {isa = PBXFileReference; lastKnownFileType = sourcecode.swift; path = ListOfDogs.swift; sourceTree = "<group>"; };
		B94EEE6D28AA74980047D590 /* HealthView.swift */ = {isa = PBXFileReference; lastKnownFileType = sourcecode.swift; path = HealthView.swift; sourceTree = "<group>"; };
		B94EEE6F28AA74A30047D590 /* HealthViewModel.swift */ = {isa = PBXFileReference; lastKnownFileType = sourcecode.swift; path = HealthViewModel.swift; sourceTree = "<group>"; };
		B94EEE7228AA78310047D590 /* HealthCollectionViewCell.swift */ = {isa = PBXFileReference; lastKnownFileType = sourcecode.swift; path = HealthCollectionViewCell.swift; sourceTree = "<group>"; };
		B94EEE7428AA7ADE0047D590 /* CareArray.swift */ = {isa = PBXFileReference; lastKnownFileType = sourcecode.swift; path = CareArray.swift; sourceTree = "<group>"; };
		B94EEE7728AE44470047D590 /* ReminderViewController.swift */ = {isa = PBXFileReference; lastKnownFileType = sourcecode.swift; path = ReminderViewController.swift; sourceTree = "<group>"; };
		B94EEE7928AE44520047D590 /* ReminderView.swift */ = {isa = PBXFileReference; lastKnownFileType = sourcecode.swift; path = ReminderView.swift; sourceTree = "<group>"; };
		B94EEE7B28AE44600047D590 /* ReminderViewModel.swift */ = {isa = PBXFileReference; lastKnownFileType = sourcecode.swift; path = ReminderViewModel.swift; sourceTree = "<group>"; };
		B9BB12DD28DF36B500F044D3 /* EditNicknameTableViewCell.swift */ = {isa = PBXFileReference; lastKnownFileType = sourcecode.swift; path = EditNicknameTableViewCell.swift; sourceTree = "<group>"; };
		B9BB12DF28DF36D500F044D3 /* EditGenderTableViewCell.swift */ = {isa = PBXFileReference; lastKnownFileType = sourcecode.swift; path = EditGenderTableViewCell.swift; sourceTree = "<group>"; };
		B9BB12E128DF36EA00F044D3 /* EditAgeTableViewCell.swift */ = {isa = PBXFileReference; lastKnownFileType = sourcecode.swift; path = EditAgeTableViewCell.swift; sourceTree = "<group>"; };
		B9BB12E328DF38C900F044D3 /* EditBreedsTableViewCell.swift */ = {isa = PBXFileReference; lastKnownFileType = sourcecode.swift; path = EditBreedsTableViewCell.swift; sourceTree = "<group>"; };
		B9BB12EB28DF7C3D00F044D3 /* SFProText-Regular.otf */ = {isa = PBXFileReference; lastKnownFileType = file; name = "SFProText-Regular.otf"; path = "../../../../../../Downloads/steemool_ios-feature-autorization 2/Steemool/Steemool/Resources/Fonts/SFProText-Regular.otf"; sourceTree = "<group>"; };
		B9BB12EC28DF7C3D00F044D3 /* SFProText-Semibold.otf */ = {isa = PBXFileReference; lastKnownFileType = file; name = "SFProText-Semibold.otf"; path = "../../../../../../Downloads/steemool_ios-feature-autorization 2/Steemool/Steemool/Resources/Fonts/SFProText-Semibold.otf"; sourceTree = "<group>"; };
		B9BB12ED28DF7C3D00F044D3 /* SF-Pro.ttf */ = {isa = PBXFileReference; lastKnownFileType = file; name = "SF-Pro.ttf"; path = "../../../../../../Downloads/steemool_ios-feature-autorization 2/Steemool/Steemool/Resources/Fonts/SF-Pro.ttf"; sourceTree = "<group>"; };
		B9BB12F828E33ED800F044D3 /* NickName.swift */ = {isa = PBXFileReference; lastKnownFileType = sourcecode.swift; path = NickName.swift; sourceTree = "<group>"; };
		B9BB12FC28EDB74A00F044D3 /* HealthTableViewCell.swift */ = {isa = PBXFileReference; lastKnownFileType = sourcecode.swift; path = HealthTableViewCell.swift; sourceTree = "<group>"; };
		B9DB044B28BA443900A78C84 /* EditProfileDogViewController.swift */ = {isa = PBXFileReference; lastKnownFileType = sourcecode.swift; path = EditProfileDogViewController.swift; sourceTree = "<group>"; };
		B9DB044D28BA444900A78C84 /* EditProfileDogView.swift */ = {isa = PBXFileReference; lastKnownFileType = sourcecode.swift; path = EditProfileDogView.swift; sourceTree = "<group>"; };
		B9DB044F28BA445600A78C84 /* EditProfileDogViewModel.swift */ = {isa = PBXFileReference; lastKnownFileType = sourcecode.swift; path = EditProfileDogViewModel.swift; sourceTree = "<group>"; };
		B9DB045328C76FE400A78C84 /* NewDog.swift */ = {isa = PBXFileReference; lastKnownFileType = sourcecode.swift; path = NewDog.swift; sourceTree = "<group>"; };
		B9DB045628C77D4400A78C84 /* NewDogServices.swift */ = {isa = PBXFileReference; lastKnownFileType = sourcecode.swift; path = NewDogServices.swift; sourceTree = "<group>"; };
		B9DB045828CA64C100A78C84 /* SettingsView.swift */ = {isa = PBXFileReference; lastKnownFileType = sourcecode.swift; path = SettingsView.swift; sourceTree = "<group>"; };
		B9DB045A28CA64D000A78C84 /* SettingsViewModel.swift */ = {isa = PBXFileReference; lastKnownFileType = sourcecode.swift; path = SettingsViewModel.swift; sourceTree = "<group>"; };
		B9DB045D28CDF25200A78C84 /* LanguageTableViewCell.swift */ = {isa = PBXFileReference; lastKnownFileType = sourcecode.swift; path = LanguageTableViewCell.swift; sourceTree = "<group>"; };
		B9DB045F28CDF4C900A78C84 /* Language.swift */ = {isa = PBXFileReference; lastKnownFileType = sourcecode.swift; path = Language.swift; sourceTree = "<group>"; };
		B9DB046128CDFE2C00A78C84 /* RateUsAndPrivacyPolicyTableViewCell.swift */ = {isa = PBXFileReference; lastKnownFileType = sourcecode.swift; path = RateUsAndPrivacyPolicyTableViewCell.swift; sourceTree = "<group>"; };
		B9DB046328CDFEC800A78C84 /* RateUsAndPrivacyPolicy.swift */ = {isa = PBXFileReference; lastKnownFileType = sourcecode.swift; path = RateUsAndPrivacyPolicy.swift; sourceTree = "<group>"; };
		B9DB046628D886BD00A78C84 /* RepeatViewController.swift */ = {isa = PBXFileReference; lastKnownFileType = sourcecode.swift; path = RepeatViewController.swift; sourceTree = "<group>"; };
		B9DB046828D886CC00A78C84 /* RepeatView.swift */ = {isa = PBXFileReference; lastKnownFileType = sourcecode.swift; path = RepeatView.swift; sourceTree = "<group>"; };
		B9DB046A28D886D800A78C84 /* RepeatViewModel.swift */ = {isa = PBXFileReference; lastKnownFileType = sourcecode.swift; path = RepeatViewModel.swift; sourceTree = "<group>"; };
		B9DB046D28D8887700A78C84 /* RepeatTableViewCell.swift */ = {isa = PBXFileReference; lastKnownFileType = sourcecode.swift; path = RepeatTableViewCell.swift; sourceTree = "<group>"; };
		B9DB046F28D888D800A78C84 /* Repeat.swift */ = {isa = PBXFileReference; lastKnownFileType = sourcecode.swift; path = Repeat.swift; sourceTree = "<group>"; };
/* End PBXFileReference section */

/* Begin PBXFrameworksBuildPhase section */
		B94EEDF4289D45F00047D590 /* Frameworks */ = {
			isa = PBXFrameworksBuildPhase;
			buildActionMask = 2147483647;
			files = (
				D41669B05C4B6AB7768A76EC /* Pods_HealthyPetMVVM.framework in Frameworks */,
			);
			runOnlyForDeploymentPostprocessing = 0;
		};
/* End PBXFrameworksBuildPhase section */

/* Begin PBXGroup section */
		489ACA3791C96DA42AD8D3CA /* Frameworks */ = {
			isa = PBXGroup;
			children = (
				56338AD4F4ACFF010763B746 /* Pods_HealthyPetMVVM.framework */,
			);
			name = Frameworks;
			sourceTree = "<group>";
		};
		8730D4880AE44DB774121FAC /* Pods */ = {
			isa = PBXGroup;
			children = (
				7CDEC0DB8D03292B3B008099 /* Pods-HealthyPetMVVM.debug.xcconfig */,
				5EBBFECD3D3FE99782EE1830 /* Pods-HealthyPetMVVM.release.xcconfig */,
			);
			path = Pods;
			sourceTree = "<group>";
		};
		B94EEDEE289D45EF0047D590 = {
			isa = PBXGroup;
			children = (
				B94EEDF9289D45F00047D590 /* HealthyPetMVVM */,
				B94EEDF8289D45F00047D590 /* Products */,
				8730D4880AE44DB774121FAC /* Pods */,
				489ACA3791C96DA42AD8D3CA /* Frameworks */,
			);
			sourceTree = "<group>";
		};
		B94EEDF8289D45F00047D590 /* Products */ = {
			isa = PBXGroup;
			children = (
				B94EEDF7289D45F00047D590 /* HealthyPetMVVM.app */,
			);
			name = Products;
			sourceTree = "<group>";
		};
		B94EEDF9289D45F00047D590 /* HealthyPetMVVM */ = {
			isa = PBXGroup;
			children = (
				B9DB045528C77D1400A78C84 /* Services */,
				B9DB045228C76FD100A78C84 /* EntityRealm */,
				B94EEE2B289D48F80047D590 /* Entity */,
				B94EEE13289D471B0047D590 /* Extension */,
				B94EEE0E289D46A70047D590 /* Flows */,
				B94EEE00289D45F00047D590 /* Main.storyboard */,
				B94EEE16289D477C0047D590 /* Application */,
				B94EEE14289D472B0047D590 /* Resources */,
				B94EEE15289D47390047D590 /* Library */,
				B94EEE08289D45F10047D590 /* Info.plist */,
			);
			path = HealthyPetMVVM;
			sourceTree = "<group>";
		};
		B94EEE0E289D46A70047D590 /* Flows */ = {
			isa = PBXGroup;
			children = (
				B94EEE0F289D46C70047D590 /* Base */,
				B94EEE10289D46DA0047D590 /* MyDogFlow */,
				B94EEE11289D46FC0047D590 /* HealthFlow */,
				B94EEE12289D470C0047D590 /* SettingsFlow */,
			);
			path = Flows;
			sourceTree = "<group>";
		};
		B94EEE0F289D46C70047D590 /* Base */ = {
			isa = PBXGroup;
			children = (
				B94EEE4D28A3C2290047D590 /* BaseCollectionViewCell.swift */,
				B94EEE5B28A67B920047D590 /* BaseTableViewCell.swift */,
			);
			path = Base;
			sourceTree = "<group>";
		};
		B94EEE10289D46DA0047D590 /* MyDogFlow */ = {
			isa = PBXGroup;
			children = (
				B94EEE2F289D4B510047D590 /* Coordinator */,
				B94EEE2E289D4B410047D590 /* Controllers */,
			);
			path = MyDogFlow;
			sourceTree = "<group>";
		};
		B94EEE11289D46FC0047D590 /* HealthFlow */ = {
			isa = PBXGroup;
			children = (
				B94EEE31289D4B6A0047D590 /* Coordinator */,
				B94EEE30289D4B5C0047D590 /* Controllers */,
			);
			path = HealthFlow;
			sourceTree = "<group>";
		};
		B94EEE12289D470C0047D590 /* SettingsFlow */ = {
			isa = PBXGroup;
			children = (
				B94EEE33289D4B790047D590 /* Coordinator */,
				B94EEE32289D4B720047D590 /* Controllers */,
			);
			path = SettingsFlow;
			sourceTree = "<group>";
		};
		B94EEE13289D471B0047D590 /* Extension */ = {
			isa = PBXGroup;
			children = (
				B94EEE27289D48B70047D590 /* UIView.swift */,
				B94EEE29289D48D40047D590 /* UILabel.swift */,
			);
			path = Extension;
			sourceTree = "<group>";
		};
		B94EEE14289D472B0047D590 /* Resources */ = {
			isa = PBXGroup;
			children = (
				B99B28D128DA178B00E8BA55 /* Fonts */,
				B94EEE03289D45F10047D590 /* Assets.xcassets */,
			);
			path = Resources;
			sourceTree = "<group>";
		};
		B94EEE15289D47390047D590 /* Library */ = {
			isa = PBXGroup;
			children = (
				B94EEE17289D47B10047D590 /* AdaptiveLayout */,
			);
			path = Library;
			sourceTree = "<group>";
		};
		B94EEE16289D477C0047D590 /* Application */ = {
			isa = PBXGroup;
			children = (
				B94EEDFA289D45F00047D590 /* AppDelegate.swift */,
				B94EEE05289D45F10047D590 /* LaunchScreen.storyboard */,
			);
			path = Application;
			sourceTree = "<group>";
		};
		B94EEE17289D47B10047D590 /* AdaptiveLayout */ = {
			isa = PBXGroup;
			children = (
				B94EEE18289D47C40047D590 /* Helpers */,
				B94EEE19289D47CC0047D590 /* Extansion */,
				B94EEE1A289D47DA0047D590 /* Enums */,
			);
			path = AdaptiveLayout;
			sourceTree = "<group>";
		};
		B94EEE18289D47C40047D590 /* Helpers */ = {
			isa = PBXGroup;
			children = (
				B94EEE1B289D48080047D590 /* AdaptiveLayoutHelper.swift */,
			);
			path = Helpers;
			sourceTree = "<group>";
		};
		B94EEE19289D47CC0047D590 /* Extansion */ = {
			isa = PBXGroup;
			children = (
				B94EEE1D289D48230047D590 /* CGFloat.swift */,
				B94EEE1F289D48370047D590 /* Int.swift */,
				B94EEE21289D48490047D590 /* Array.swift */,
			);
			path = Extansion;
			sourceTree = "<group>";
		};
		B94EEE1A289D47DA0047D590 /* Enums */ = {
			isa = PBXGroup;
			children = (
				B94EEE23289D48610047D590 /* Device.swift */,
				B94EEE25289D48770047D590 /* Dimension.swift */,
			);
			path = Enums;
			sourceTree = "<group>";
		};
		B94EEE2B289D48F80047D590 /* Entity */ = {
			isa = PBXGroup;
			children = (
				B9BB12F628E33EA600F044D3 /* MyDogEntity */,
				B9BB12F428E33E5000F044D3 /* HealthEntity */,
				B9BB12F528E33E6E00F044D3 /* SettingsEntity */,
			);
			path = Entity;
			sourceTree = "<group>";
		};
		B94EEE2E289D4B410047D590 /* Controllers */ = {
			isa = PBXGroup;
			children = (
				B9DB044A28BA441100A78C84 /* EditProfileDogViewController */,
				B94EEE6128A900E30047D590 /* ListOfDogsViewController */,
				B94EEE4628A2D4230047D590 /* AddNewDogViewController */,
				B94EEE37289D4CFE0047D590 /* MyDogViewController */,
			);
			path = Controllers;
			sourceTree = "<group>";
		};
		B94EEE2F289D4B510047D590 /* Coordinator */ = {
			isa = PBXGroup;
			children = (
				B94EEE40289D64140047D590 /* MyDogFlowCoordinator.swift */,
			);
			path = Coordinator;
			sourceTree = "<group>";
		};
		B94EEE30289D4B5C0047D590 /* Controllers */ = {
			isa = PBXGroup;
			children = (
				B9DB046528D8868A00A78C84 /* RepeatViewController */,
				B94EEE7628AE443C0047D590 /* ReminderViewController */,
				B94EEE3F289D4D640047D590 /* HealthViewController */,
			);
			path = Controllers;
			sourceTree = "<group>";
		};
		B94EEE31289D4B6A0047D590 /* Coordinator */ = {
			isa = PBXGroup;
			children = (
			);
			path = Coordinator;
			sourceTree = "<group>";
		};
		B94EEE32289D4B720047D590 /* Controllers */ = {
			isa = PBXGroup;
			children = (
				B94EEE3C289D4D3F0047D590 /* SettingsViewController */,
			);
			path = Controllers;
			sourceTree = "<group>";
		};
		B94EEE33289D4B790047D590 /* Coordinator */ = {
			isa = PBXGroup;
			children = (
			);
			path = Coordinator;
			sourceTree = "<group>";
		};
		B94EEE37289D4CFE0047D590 /* MyDogViewController */ = {
			isa = PBXGroup;
			children = (
				B94EEE5828A4332A0047D590 /* Cells */,
				B94EEE38289D4D1C0047D590 /* MyDogViewController.swift */,
				B94EEE4228A293F50047D590 /* MyDogView.swift */,
				B94EEE4428A294030047D590 /* MyDogViewModel.swift */,
			);
			path = MyDogViewController;
			sourceTree = "<group>";
		};
		B94EEE3C289D4D3F0047D590 /* SettingsViewController */ = {
			isa = PBXGroup;
			children = (
				B9DB045C28CDF20D00A78C84 /* Cells */,
				B94EEE3D289D4D610047D590 /* SettingsViewController.swift */,
				B9DB045828CA64C100A78C84 /* SettingsView.swift */,
				B9DB045A28CA64D000A78C84 /* SettingsViewModel.swift */,
			);
			path = SettingsViewController;
			sourceTree = "<group>";
		};
		B94EEE3F289D4D640047D590 /* HealthViewController */ = {
			isa = PBXGroup;
			children = (
				B94EEE7128AA78040047D590 /* Cells */,
				B94EEE3A289D4D360047D590 /* HealthViewController.swift */,
				B94EEE6D28AA74980047D590 /* HealthView.swift */,
				B94EEE6F28AA74A30047D590 /* HealthViewModel.swift */,
			);
			path = HealthViewController;
			sourceTree = "<group>";
		};
		B94EEE4628A2D4230047D590 /* AddNewDogViewController */ = {
			isa = PBXGroup;
			children = (
				B94EEE4F28A3C3B00047D590 /* Cells */,
				B94EEE4728A2D4420047D590 /* AddNewDogViewController.swift */,
				B94EEE4928A3B15C0047D590 /* AddNewDogView.swift */,
				B94EEE4B28A3B16C0047D590 /* AddNewDogViewModel.swift */,
			);
			path = AddNewDogViewController;
			sourceTree = "<group>";
		};
		B94EEE4F28A3C3B00047D590 /* Cells */ = {
			isa = PBXGroup;
			children = (
				B94EEE5028A3C3E60047D590 /* NicknameDogCollectionViewCell.swift */,
				B94EEE5228A3DF020047D590 /* GenderDogCollectionViewCell.swift */,
				B94EEE5428A3EF970047D590 /* DogAgeCollectionViewCell.swift */,
				B94EEE5628A3F1FE0047D590 /* BreedsDogCollectionViewCell.swift */,
				B94EEE5D28A67BCD0047D590 /* BreedsDogTableViewCell.swift */,
			);
			path = Cells;
			sourceTree = "<group>";
		};
		B94EEE5828A4332A0047D590 /* Cells */ = {
			isa = PBXGroup;
			children = (
				B94EEE5928A433480047D590 /* MyDogsCollectionViewCell.swift */,
			);
			path = Cells;
			sourceTree = "<group>";
		};
		B94EEE6128A900E30047D590 /* ListOfDogsViewController */ = {
			isa = PBXGroup;
			children = (
				B94EEE6828A904800047D590 /* Cells */,
				B94EEE6228A900FD0047D590 /* ListOfDogsViewController.swift */,
				B94EEE6428A901090047D590 /* ListOfDogsView.swift */,
				B94EEE6628A901150047D590 /* ListOfDogsViewModel.swift */,
			);
			path = ListOfDogsViewController;
			sourceTree = "<group>";
		};
		B94EEE6828A904800047D590 /* Cells */ = {
			isa = PBXGroup;
			children = (
				B94EEE6928A9049E0047D590 /* ListOfDogsTableViewCell.swift */,
			);
			path = Cells;
			sourceTree = "<group>";
		};
		B94EEE7128AA78040047D590 /* Cells */ = {
			isa = PBXGroup;
			children = (
				B94EEE7228AA78310047D590 /* HealthCollectionViewCell.swift */,
				B9BB12FC28EDB74A00F044D3 /* HealthTableViewCell.swift */,
			);
			path = Cells;
			sourceTree = "<group>";
		};
		B94EEE7628AE443C0047D590 /* ReminderViewController */ = {
			isa = PBXGroup;
			children = (
				B94EEE7728AE44470047D590 /* ReminderViewController.swift */,
				B94EEE7928AE44520047D590 /* ReminderView.swift */,
				B94EEE7B28AE44600047D590 /* ReminderViewModel.swift */,
			);
			path = ReminderViewController;
			sourceTree = "<group>";
		};
		B99B28D128DA178B00E8BA55 /* Fonts */ = {
			isa = PBXGroup;
			children = (
				B9BB12EB28DF7C3D00F044D3 /* SFProText-Regular.otf */,
				B9BB12EC28DF7C3D00F044D3 /* SFProText-Semibold.otf */,
				B9BB12ED28DF7C3D00F044D3 /* SF-Pro.ttf */,
			);
			path = Fonts;
			sourceTree = "<group>";
		};
		B9BB12F328E33E3000F044D3 /* AddNewDogEntity */ = {
			isa = PBXGroup;
			children = (
				B94EEE6B28A907480047D590 /* ListOfDogs.swift */,
				B94EEE5F28A6BC770047D590 /* Dogs.swift */,
			);
			path = AddNewDogEntity;
			sourceTree = "<group>";
		};
		B9BB12F428E33E5000F044D3 /* HealthEntity */ = {
			isa = PBXGroup;
			children = (
				B94EEE7428AA7ADE0047D590 /* CareArray.swift */,
				B9DB046F28D888D800A78C84 /* Repeat.swift */,
			);
			path = HealthEntity;
			sourceTree = "<group>";
		};
		B9BB12F528E33E6E00F044D3 /* SettingsEntity */ = {
			isa = PBXGroup;
			children = (
				B9DB046328CDFEC800A78C84 /* RateUsAndPrivacyPolicy.swift */,
				B9DB045F28CDF4C900A78C84 /* Language.swift */,
			);
			path = SettingsEntity;
			sourceTree = "<group>";
		};
		B9BB12F628E33EA600F044D3 /* MyDogEntity */ = {
			isa = PBXGroup;
			children = (
				B9BB12F728E33EBB00F044D3 /* EditProfileEntity */,
				B9BB12F328E33E3000F044D3 /* AddNewDogEntity */,
			);
			path = MyDogEntity;
			sourceTree = "<group>";
		};
		B9BB12F728E33EBB00F044D3 /* EditProfileEntity */ = {
			isa = PBXGroup;
			children = (
				B9BB12F828E33ED800F044D3 /* NickName.swift */,
			);
			path = EditProfileEntity;
			sourceTree = "<group>";
		};
		B9DB044A28BA441100A78C84 /* EditProfileDogViewController */ = {
			isa = PBXGroup;
			children = (
				B9DB045128BB6BDC00A78C84 /* Cells */,
				B9DB044B28BA443900A78C84 /* EditProfileDogViewController.swift */,
				B9DB044D28BA444900A78C84 /* EditProfileDogView.swift */,
				B9DB044F28BA445600A78C84 /* EditProfileDogViewModel.swift */,
			);
			path = EditProfileDogViewController;
			sourceTree = "<group>";
		};
		B9DB045128BB6BDC00A78C84 /* Cells */ = {
			isa = PBXGroup;
			children = (
				B9BB12DD28DF36B500F044D3 /* EditNicknameTableViewCell.swift */,
				B9BB12DF28DF36D500F044D3 /* EditGenderTableViewCell.swift */,
				B9BB12E128DF36EA00F044D3 /* EditAgeTableViewCell.swift */,
				B9BB12E328DF38C900F044D3 /* EditBreedsTableViewCell.swift */,
			);
			path = Cells;
			sourceTree = "<group>";
		};
		B9DB045228C76FD100A78C84 /* EntityRealm */ = {
			isa = PBXGroup;
			children = (
				B9DB045328C76FE400A78C84 /* NewDog.swift */,
			);
			path = EntityRealm;
			sourceTree = "<group>";
		};
		B9DB045528C77D1400A78C84 /* Services */ = {
			isa = PBXGroup;
			children = (
				B9DB045628C77D4400A78C84 /* NewDogServices.swift */,
			);
			path = Services;
			sourceTree = "<group>";
		};
		B9DB045C28CDF20D00A78C84 /* Cells */ = {
			isa = PBXGroup;
			children = (
				B9DB045D28CDF25200A78C84 /* LanguageTableViewCell.swift */,
				B9DB046128CDFE2C00A78C84 /* RateUsAndPrivacyPolicyTableViewCell.swift */,
			);
			path = Cells;
			sourceTree = "<group>";
		};
		B9DB046528D8868A00A78C84 /* RepeatViewController */ = {
			isa = PBXGroup;
			children = (
				B9DB046C28D886E100A78C84 /* Cells */,
				B9DB046628D886BD00A78C84 /* RepeatViewController.swift */,
				B9DB046828D886CC00A78C84 /* RepeatView.swift */,
				B9DB046A28D886D800A78C84 /* RepeatViewModel.swift */,
			);
			path = RepeatViewController;
			sourceTree = "<group>";
		};
		B9DB046C28D886E100A78C84 /* Cells */ = {
			isa = PBXGroup;
			children = (
				B9DB046D28D8887700A78C84 /* RepeatTableViewCell.swift */,
			);
			path = Cells;
			sourceTree = "<group>";
		};
/* End PBXGroup section */

/* Begin PBXNativeTarget section */
		B94EEDF6289D45F00047D590 /* HealthyPetMVVM */ = {
			isa = PBXNativeTarget;
			buildConfigurationList = B94EEE0B289D45F10047D590 /* Build configuration list for PBXNativeTarget "HealthyPetMVVM" */;
			buildPhases = (
				4BDEB2326CF72B83801374FC /* [CP] Check Pods Manifest.lock */,
				B94EEDF3289D45F00047D590 /* Sources */,
				B94EEDF4289D45F00047D590 /* Frameworks */,
				B94EEDF5289D45F00047D590 /* Resources */,
				2BBAABDA5B4F5D6503A16E00 /* [CP] Embed Pods Frameworks */,
			);
			buildRules = (
			);
			dependencies = (
			);
			name = HealthyPetMVVM;
			productName = HealthyPetMVVM;
			productReference = B94EEDF7289D45F00047D590 /* HealthyPetMVVM.app */;
			productType = "com.apple.product-type.application";
		};
/* End PBXNativeTarget section */

/* Begin PBXProject section */
		B94EEDEF289D45EF0047D590 /* Project object */ = {
			isa = PBXProject;
			attributes = {
				BuildIndependentTargetsInParallel = 1;
				LastSwiftUpdateCheck = 1340;
				LastUpgradeCheck = 1340;
				TargetAttributes = {
					B94EEDF6289D45F00047D590 = {
						CreatedOnToolsVersion = 13.4.1;
					};
				};
			};
			buildConfigurationList = B94EEDF2289D45EF0047D590 /* Build configuration list for PBXProject "HealthyPetMVVM" */;
			compatibilityVersion = "Xcode 13.0";
			developmentRegion = en;
			hasScannedForEncodings = 0;
			knownRegions = (
				en,
				Base,
			);
			mainGroup = B94EEDEE289D45EF0047D590;
			productRefGroup = B94EEDF8289D45F00047D590 /* Products */;
			projectDirPath = "";
			projectRoot = "";
			targets = (
				B94EEDF6289D45F00047D590 /* HealthyPetMVVM */,
			);
		};
/* End PBXProject section */

/* Begin PBXResourcesBuildPhase section */
		B94EEDF5289D45F00047D590 /* Resources */ = {
			isa = PBXResourcesBuildPhase;
			buildActionMask = 2147483647;
			files = (
				B94EEE07289D45F10047D590 /* LaunchScreen.storyboard in Resources */,
				B9BB12F028DF7C3D00F044D3 /* SF-Pro.ttf in Resources */,
				B94EEE04289D45F10047D590 /* Assets.xcassets in Resources */,
				B9BB12EF28DF7C3D00F044D3 /* SFProText-Semibold.otf in Resources */,
				B9BB12EE28DF7C3D00F044D3 /* SFProText-Regular.otf in Resources */,
				B94EEE02289D45F00047D590 /* Main.storyboard in Resources */,
			);
			runOnlyForDeploymentPostprocessing = 0;
		};
/* End PBXResourcesBuildPhase section */

/* Begin PBXShellScriptBuildPhase section */
		2BBAABDA5B4F5D6503A16E00 /* [CP] Embed Pods Frameworks */ = {
			isa = PBXShellScriptBuildPhase;
			buildActionMask = 2147483647;
			files = (
			);
			inputFileListPaths = (
				"${PODS_ROOT}/Target Support Files/Pods-HealthyPetMVVM/Pods-HealthyPetMVVM-frameworks-${CONFIGURATION}-input-files.xcfilelist",
			);
			name = "[CP] Embed Pods Frameworks";
			outputFileListPaths = (
				"${PODS_ROOT}/Target Support Files/Pods-HealthyPetMVVM/Pods-HealthyPetMVVM-frameworks-${CONFIGURATION}-output-files.xcfilelist",
			);
			runOnlyForDeploymentPostprocessing = 0;
			shellPath = /bin/sh;
			shellScript = "\"${PODS_ROOT}/Target Support Files/Pods-HealthyPetMVVM/Pods-HealthyPetMVVM-frameworks.sh\"\n";
			showEnvVarsInLog = 0;
		};
		4BDEB2326CF72B83801374FC /* [CP] Check Pods Manifest.lock */ = {
			isa = PBXShellScriptBuildPhase;
			buildActionMask = 2147483647;
			files = (
			);
			inputFileListPaths = (
			);
			inputPaths = (
				"${PODS_PODFILE_DIR_PATH}/Podfile.lock",
				"${PODS_ROOT}/Manifest.lock",
			);
			name = "[CP] Check Pods Manifest.lock";
			outputFileListPaths = (
			);
			outputPaths = (
				"$(DERIVED_FILE_DIR)/Pods-HealthyPetMVVM-checkManifestLockResult.txt",
			);
			runOnlyForDeploymentPostprocessing = 0;
			shellPath = /bin/sh;
			shellScript = "diff \"${PODS_PODFILE_DIR_PATH}/Podfile.lock\" \"${PODS_ROOT}/Manifest.lock\" > /dev/null\nif [ $? != 0 ] ; then\n    # print error to STDERR\n    echo \"error: The sandbox is not in sync with the Podfile.lock. Run 'pod install' or update your CocoaPods installation.\" >&2\n    exit 1\nfi\n# This output is used by Xcode 'outputs' to avoid re-running this script phase.\necho \"SUCCESS\" > \"${SCRIPT_OUTPUT_FILE_0}\"\n";
			showEnvVarsInLog = 0;
		};
/* End PBXShellScriptBuildPhase section */

/* Begin PBXSourcesBuildPhase section */
		B94EEDF3289D45F00047D590 /* Sources */ = {
			isa = PBXSourcesBuildPhase;
			buildActionMask = 2147483647;
			files = (
				B94EEE7828AE44470047D590 /* ReminderViewController.swift in Sources */,
				B9DB045B28CA64D000A78C84 /* SettingsViewModel.swift in Sources */,
				B9BB12DE28DF36B500F044D3 /* EditNicknameTableViewCell.swift in Sources */,
				B94EEE28289D48B70047D590 /* UIView.swift in Sources */,
				B94EEE5528A3EF970047D590 /* DogAgeCollectionViewCell.swift in Sources */,
				B94EEE41289D64140047D590 /* MyDogFlowCoordinator.swift in Sources */,
				B9BB12FD28EDB74A00F044D3 /* HealthTableViewCell.swift in Sources */,
				B94EEE7A28AE44520047D590 /* ReminderView.swift in Sources */,
				B9DB045028BA445600A78C84 /* EditProfileDogViewModel.swift in Sources */,
				B94EEE5C28A67B920047D590 /* BaseTableViewCell.swift in Sources */,
				B94EEE5A28A433480047D590 /* MyDogsCollectionViewCell.swift in Sources */,
				B94EEE39289D4D1C0047D590 /* MyDogViewController.swift in Sources */,
				B9BB12F928E33ED800F044D3 /* NickName.swift in Sources */,
				B94EEE6328A900FD0047D590 /* ListOfDogsViewController.swift in Sources */,
				B94EEE4A28A3B15C0047D590 /* AddNewDogView.swift in Sources */,
				B94EEE5E28A67BCD0047D590 /* BreedsDogTableViewCell.swift in Sources */,
				B94EEE6C28A907480047D590 /* ListOfDogs.swift in Sources */,
				B94EEE5128A3C3E60047D590 /* NicknameDogCollectionViewCell.swift in Sources */,
				B9DB047028D888D800A78C84 /* Repeat.swift in Sources */,
				B9BB12E028DF36D500F044D3 /* EditGenderTableViewCell.swift in Sources */,
				B94EEE5728A3F1FE0047D590 /* BreedsDogCollectionViewCell.swift in Sources */,
				B94EEE7528AA7ADE0047D590 /* CareArray.swift in Sources */,
				B9DB045428C76FE400A78C84 /* NewDog.swift in Sources */,
				B94EEE1E289D48230047D590 /* CGFloat.swift in Sources */,
				B94EEE2A289D48D40047D590 /* UILabel.swift in Sources */,
				B9DB044C28BA443900A78C84 /* EditProfileDogViewController.swift in Sources */,
				B94EEE4328A293F50047D590 /* MyDogView.swift in Sources */,
				B94EEE5328A3DF020047D590 /* GenderDogCollectionViewCell.swift in Sources */,
				B94EEE6528A901090047D590 /* ListOfDogsView.swift in Sources */,
				B9DB044E28BA444900A78C84 /* EditProfileDogView.swift in Sources */,
				B9DB045E28CDF25200A78C84 /* LanguageTableViewCell.swift in Sources */,
				B94EEE26289D48770047D590 /* Dimension.swift in Sources */,
				B94EEE22289D48490047D590 /* Array.swift in Sources */,
				B94EEE3E289D4D610047D590 /* SettingsViewController.swift in Sources */,
				B94EEE4E28A3C2290047D590 /* BaseCollectionViewCell.swift in Sources */,
				B9DB046228CDFE2C00A78C84 /* RateUsAndPrivacyPolicyTableViewCell.swift in Sources */,
				B94EEE7C28AE44600047D590 /* ReminderViewModel.swift in Sources */,
				B94EEE4C28A3B16C0047D590 /* AddNewDogViewModel.swift in Sources */,
				B9DB045928CA64C100A78C84 /* SettingsView.swift in Sources */,
				B9DB046B28D886D800A78C84 /* RepeatViewModel.swift in Sources */,
				B9DB046428CDFEC800A78C84 /* RateUsAndPrivacyPolicy.swift in Sources */,
				B9DB046928D886CC00A78C84 /* RepeatView.swift in Sources */,
				B94EEE7028AA74A30047D590 /* HealthViewModel.swift in Sources */,
				B94EEE1C289D48080047D590 /* AdaptiveLayoutHelper.swift in Sources */,
				B94EEE4528A294030047D590 /* MyDogViewModel.swift in Sources */,
				B94EEE7328AA78310047D590 /* HealthCollectionViewCell.swift in Sources */,
				B94EEE20289D48370047D590 /* Int.swift in Sources */,
				B9DB046E28D8887700A78C84 /* RepeatTableViewCell.swift in Sources */,
				B94EEE6028A6BC770047D590 /* Dogs.swift in Sources */,
				B94EEE3B289D4D360047D590 /* HealthViewController.swift in Sources */,
				B94EEE6E28AA74980047D590 /* HealthView.swift in Sources */,
				B94EEDFB289D45F00047D590 /* AppDelegate.swift in Sources */,
				B94EEE6A28A9049E0047D590 /* ListOfDogsTableViewCell.swift in Sources */,
				B9DB046728D886BD00A78C84 /* RepeatViewController.swift in Sources */,
				B94EEE24289D48610047D590 /* Device.swift in Sources */,
				B94EEE6728A901150047D590 /* ListOfDogsViewModel.swift in Sources */,
				B9DB046028CDF4C900A78C84 /* Language.swift in Sources */,
				B94EEE4828A2D4420047D590 /* AddNewDogViewController.swift in Sources */,
				B9BB12E428DF38C900F044D3 /* EditBreedsTableViewCell.swift in Sources */,
				B9BB12E228DF36EA00F044D3 /* EditAgeTableViewCell.swift in Sources */,
				B9DB045728C77D4400A78C84 /* NewDogServices.swift in Sources */,
			);
			runOnlyForDeploymentPostprocessing = 0;
		};
/* End PBXSourcesBuildPhase section */

/* Begin PBXVariantGroup section */
		B94EEE00289D45F00047D590 /* Main.storyboard */ = {
			isa = PBXVariantGroup;
			children = (
				B94EEE01289D45F00047D590 /* Base */,
			);
			name = Main.storyboard;
			sourceTree = "<group>";
		};
		B94EEE05289D45F10047D590 /* LaunchScreen.storyboard */ = {
			isa = PBXVariantGroup;
			children = (
				B94EEE06289D45F10047D590 /* Base */,
			);
			name = LaunchScreen.storyboard;
			sourceTree = "<group>";
		};
/* End PBXVariantGroup section */

/* Begin XCBuildConfiguration section */
		B94EEE09289D45F10047D590 /* Debug */ = {
			isa = XCBuildConfiguration;
			buildSettings = {
				ALWAYS_SEARCH_USER_PATHS = NO;
				CLANG_ANALYZER_NONNULL = YES;
				CLANG_ANALYZER_NUMBER_OBJECT_CONVERSION = YES_AGGRESSIVE;
				CLANG_CXX_LANGUAGE_STANDARD = "gnu++17";
				CLANG_ENABLE_MODULES = YES;
				CLANG_ENABLE_OBJC_ARC = YES;
				CLANG_ENABLE_OBJC_WEAK = YES;
				CLANG_WARN_BLOCK_CAPTURE_AUTORELEASING = YES;
				CLANG_WARN_BOOL_CONVERSION = YES;
				CLANG_WARN_COMMA = YES;
				CLANG_WARN_CONSTANT_CONVERSION = YES;
				CLANG_WARN_DEPRECATED_OBJC_IMPLEMENTATIONS = YES;
				CLANG_WARN_DIRECT_OBJC_ISA_USAGE = YES_ERROR;
				CLANG_WARN_DOCUMENTATION_COMMENTS = YES;
				CLANG_WARN_EMPTY_BODY = YES;
				CLANG_WARN_ENUM_CONVERSION = YES;
				CLANG_WARN_INFINITE_RECURSION = YES;
				CLANG_WARN_INT_CONVERSION = YES;
				CLANG_WARN_NON_LITERAL_NULL_CONVERSION = YES;
				CLANG_WARN_OBJC_IMPLICIT_RETAIN_SELF = YES;
				CLANG_WARN_OBJC_LITERAL_CONVERSION = YES;
				CLANG_WARN_OBJC_ROOT_CLASS = YES_ERROR;
				CLANG_WARN_QUOTED_INCLUDE_IN_FRAMEWORK_HEADER = YES;
				CLANG_WARN_RANGE_LOOP_ANALYSIS = YES;
				CLANG_WARN_STRICT_PROTOTYPES = YES;
				CLANG_WARN_SUSPICIOUS_MOVE = YES;
				CLANG_WARN_UNGUARDED_AVAILABILITY = YES_AGGRESSIVE;
				CLANG_WARN_UNREACHABLE_CODE = YES;
				CLANG_WARN__DUPLICATE_METHOD_MATCH = YES;
				COPY_PHASE_STRIP = NO;
				DEBUG_INFORMATION_FORMAT = dwarf;
				ENABLE_STRICT_OBJC_MSGSEND = YES;
				ENABLE_TESTABILITY = YES;
				GCC_C_LANGUAGE_STANDARD = gnu11;
				GCC_DYNAMIC_NO_PIC = NO;
				GCC_NO_COMMON_BLOCKS = YES;
				GCC_OPTIMIZATION_LEVEL = 0;
				GCC_PREPROCESSOR_DEFINITIONS = (
					"DEBUG=1",
					"$(inherited)",
				);
				GCC_WARN_64_TO_32_BIT_CONVERSION = YES;
				GCC_WARN_ABOUT_RETURN_TYPE = YES_ERROR;
				GCC_WARN_UNDECLARED_SELECTOR = YES;
				GCC_WARN_UNINITIALIZED_AUTOS = YES_AGGRESSIVE;
				GCC_WARN_UNUSED_FUNCTION = YES;
				GCC_WARN_UNUSED_VARIABLE = YES;
				IPHONEOS_DEPLOYMENT_TARGET = 15.5;
				MTL_ENABLE_DEBUG_INFO = INCLUDE_SOURCE;
				MTL_FAST_MATH = YES;
				ONLY_ACTIVE_ARCH = YES;
				SDKROOT = iphoneos;
				SWIFT_ACTIVE_COMPILATION_CONDITIONS = DEBUG;
				SWIFT_OPTIMIZATION_LEVEL = "-Onone";
			};
			name = Debug;
		};
		B94EEE0A289D45F10047D590 /* Release */ = {
			isa = XCBuildConfiguration;
			buildSettings = {
				ALWAYS_SEARCH_USER_PATHS = NO;
				CLANG_ANALYZER_NONNULL = YES;
				CLANG_ANALYZER_NUMBER_OBJECT_CONVERSION = YES_AGGRESSIVE;
				CLANG_CXX_LANGUAGE_STANDARD = "gnu++17";
				CLANG_ENABLE_MODULES = YES;
				CLANG_ENABLE_OBJC_ARC = YES;
				CLANG_ENABLE_OBJC_WEAK = YES;
				CLANG_WARN_BLOCK_CAPTURE_AUTORELEASING = YES;
				CLANG_WARN_BOOL_CONVERSION = YES;
				CLANG_WARN_COMMA = YES;
				CLANG_WARN_CONSTANT_CONVERSION = YES;
				CLANG_WARN_DEPRECATED_OBJC_IMPLEMENTATIONS = YES;
				CLANG_WARN_DIRECT_OBJC_ISA_USAGE = YES_ERROR;
				CLANG_WARN_DOCUMENTATION_COMMENTS = YES;
				CLANG_WARN_EMPTY_BODY = YES;
				CLANG_WARN_ENUM_CONVERSION = YES;
				CLANG_WARN_INFINITE_RECURSION = YES;
				CLANG_WARN_INT_CONVERSION = YES;
				CLANG_WARN_NON_LITERAL_NULL_CONVERSION = YES;
				CLANG_WARN_OBJC_IMPLICIT_RETAIN_SELF = YES;
				CLANG_WARN_OBJC_LITERAL_CONVERSION = YES;
				CLANG_WARN_OBJC_ROOT_CLASS = YES_ERROR;
				CLANG_WARN_QUOTED_INCLUDE_IN_FRAMEWORK_HEADER = YES;
				CLANG_WARN_RANGE_LOOP_ANALYSIS = YES;
				CLANG_WARN_STRICT_PROTOTYPES = YES;
				CLANG_WARN_SUSPICIOUS_MOVE = YES;
				CLANG_WARN_UNGUARDED_AVAILABILITY = YES_AGGRESSIVE;
				CLANG_WARN_UNREACHABLE_CODE = YES;
				CLANG_WARN__DUPLICATE_METHOD_MATCH = YES;
				COPY_PHASE_STRIP = NO;
				DEBUG_INFORMATION_FORMAT = "dwarf-with-dsym";
				ENABLE_NS_ASSERTIONS = NO;
				ENABLE_STRICT_OBJC_MSGSEND = YES;
				GCC_C_LANGUAGE_STANDARD = gnu11;
				GCC_NO_COMMON_BLOCKS = YES;
				GCC_WARN_64_TO_32_BIT_CONVERSION = YES;
				GCC_WARN_ABOUT_RETURN_TYPE = YES_ERROR;
				GCC_WARN_UNDECLARED_SELECTOR = YES;
				GCC_WARN_UNINITIALIZED_AUTOS = YES_AGGRESSIVE;
				GCC_WARN_UNUSED_FUNCTION = YES;
				GCC_WARN_UNUSED_VARIABLE = YES;
				IPHONEOS_DEPLOYMENT_TARGET = 15.5;
				MTL_ENABLE_DEBUG_INFO = NO;
				MTL_FAST_MATH = YES;
				SDKROOT = iphoneos;
				SWIFT_COMPILATION_MODE = wholemodule;
				SWIFT_OPTIMIZATION_LEVEL = "-O";
				VALIDATE_PRODUCT = YES;
			};
			name = Release;
		};
		B94EEE0C289D45F10047D590 /* Debug */ = {
			isa = XCBuildConfiguration;
			baseConfigurationReference = 7CDEC0DB8D03292B3B008099 /* Pods-HealthyPetMVVM.debug.xcconfig */;
			buildSettings = {
				ASSETCATALOG_COMPILER_APPICON_NAME = AppIcon;
				ASSETCATALOG_COMPILER_GLOBAL_ACCENT_COLOR_NAME = AccentColor;
				CODE_SIGN_STYLE = Automatic;
				CURRENT_PROJECT_VERSION = 1;
				DEVELOPMENT_TEAM = NS24QD647G;
				GENERATE_INFOPLIST_FILE = YES;
				INFOPLIST_FILE = HealthyPetMVVM/Info.plist;
				INFOPLIST_KEY_CFBundleDisplayName = HealthyPet;
				INFOPLIST_KEY_UIApplicationSupportsIndirectInputEvents = YES;
				INFOPLIST_KEY_UILaunchStoryboardName = LaunchScreen;
				INFOPLIST_KEY_UIMainStoryboardFile = Main;
				INFOPLIST_KEY_UISupportedInterfaceOrientations_iPad = "UIInterfaceOrientationPortrait UIInterfaceOrientationPortraitUpsideDown UIInterfaceOrientationLandscapeLeft UIInterfaceOrientationLandscapeRight";
				INFOPLIST_KEY_UISupportedInterfaceOrientations_iPhone = "UIInterfaceOrientationPortrait UIInterfaceOrientationLandscapeLeft UIInterfaceOrientationLandscapeRight";
				IPHONEOS_DEPLOYMENT_TARGET = 14.0;
				LD_RUNPATH_SEARCH_PATHS = (
					"$(inherited)",
					"@executable_path/Frameworks",
				);
				MARKETING_VERSION = 1.0;
				PRODUCT_BUNDLE_IDENTIFIER = Personal.HealthyPetMVV;
				PRODUCT_NAME = "$(TARGET_NAME)";
				SWIFT_EMIT_LOC_STRINGS = YES;
				SWIFT_VERSION = 5.0;
				TARGETED_DEVICE_FAMILY = 1;
			};
			name = Debug;
		};
		B94EEE0D289D45F10047D590 /* Release */ = {
			isa = XCBuildConfiguration;
			baseConfigurationReference = 5EBBFECD3D3FE99782EE1830 /* Pods-HealthyPetMVVM.release.xcconfig */;
			buildSettings = {
				ASSETCATALOG_COMPILER_APPICON_NAME = AppIcon;
				ASSETCATALOG_COMPILER_GLOBAL_ACCENT_COLOR_NAME = AccentColor;
				CODE_SIGN_STYLE = Automatic;
				CURRENT_PROJECT_VERSION = 1;
				DEVELOPMENT_TEAM = NS24QD647G;
				GENERATE_INFOPLIST_FILE = YES;
				INFOPLIST_FILE = HealthyPetMVVM/Info.plist;
				INFOPLIST_KEY_CFBundleDisplayName = HealthyPet;
				INFOPLIST_KEY_UIApplicationSupportsIndirectInputEvents = YES;
				INFOPLIST_KEY_UILaunchStoryboardName = LaunchScreen;
				INFOPLIST_KEY_UIMainStoryboardFile = Main;
				INFOPLIST_KEY_UISupportedInterfaceOrientations_iPad = "UIInterfaceOrientationPortrait UIInterfaceOrientationPortraitUpsideDown UIInterfaceOrientationLandscapeLeft UIInterfaceOrientationLandscapeRight";
				INFOPLIST_KEY_UISupportedInterfaceOrientations_iPhone = "UIInterfaceOrientationPortrait UIInterfaceOrientationLandscapeLeft UIInterfaceOrientationLandscapeRight";
				IPHONEOS_DEPLOYMENT_TARGET = 14.0;
				LD_RUNPATH_SEARCH_PATHS = (
					"$(inherited)",
					"@executable_path/Frameworks",
				);
				MARKETING_VERSION = 1.0;
				PRODUCT_BUNDLE_IDENTIFIER = Personal.HealthyPetMVV;
				PRODUCT_NAME = "$(TARGET_NAME)";
				SWIFT_EMIT_LOC_STRINGS = YES;
				SWIFT_VERSION = 5.0;
				TARGETED_DEVICE_FAMILY = 1;
			};
			name = Release;
		};
/* End XCBuildConfiguration section */

/* Begin XCConfigurationList section */
		B94EEDF2289D45EF0047D590 /* Build configuration list for PBXProject "HealthyPetMVVM" */ = {
			isa = XCConfigurationList;
			buildConfigurations = (
				B94EEE09289D45F10047D590 /* Debug */,
				B94EEE0A289D45F10047D590 /* Release */,
			);
			defaultConfigurationIsVisible = 0;
			defaultConfigurationName = Release;
		};
		B94EEE0B289D45F10047D590 /* Build configuration list for PBXNativeTarget "HealthyPetMVVM" */ = {
			isa = XCConfigurationList;
			buildConfigurations = (
				B94EEE0C289D45F10047D590 /* Debug */,
				B94EEE0D289D45F10047D590 /* Release */,
			);
			defaultConfigurationIsVisible = 0;
			defaultConfigurationName = Release;
		};
/* End XCConfigurationList section */
	};
	rootObject = B94EEDEF289D45EF0047D590 /* Project object */;
}
